// !$*UTF8*$!
{
	archiveVersion = 1;
	classes = {
	};
	objectVersion = 46;
	objects = {

/* Begin PBXBuildFile section */
		CA0BB9411B0FD712000A88C7 /* AppDelegate.swift in Sources */ = {isa = PBXBuildFile; fileRef = CA0BB9401B0FD712000A88C7 /* AppDelegate.swift */; };
		CA0BB9431B0FD712000A88C7 /* ViewController.swift in Sources */ = {isa = PBXBuildFile; fileRef = CA0BB9421B0FD712000A88C7 /* ViewController.swift */; };
		CA0BB9461B0FD712000A88C7 /* Main.storyboard in Resources */ = {isa = PBXBuildFile; fileRef = CA0BB9441B0FD712000A88C7 /* Main.storyboard */; };
		CA0BB9481B0FD712000A88C7 /* Images.xcassets in Resources */ = {isa = PBXBuildFile; fileRef = CA0BB9471B0FD712000A88C7 /* Images.xcassets */; };
		CA0BB94B1B0FD712000A88C7 /* LaunchScreen.xib in Resources */ = {isa = PBXBuildFile; fileRef = CA0BB9491B0FD712000A88C7 /* LaunchScreen.xib */; };
		CA0BB9571B0FD712000A88C7 /* animationDemoTests.swift in Sources */ = {isa = PBXBuildFile; fileRef = CA0BB9561B0FD712000A88C7 /* animationDemoTests.swift */; };
		CA0BB9611B100A8A000A88C7 /* testVC.swift in Sources */ = {isa = PBXBuildFile; fileRef = CA0BB9601B100A8A000A88C7 /* testVC.swift */; };
/* End PBXBuildFile section */

/* Begin PBXContainerItemProxy section */
		CA0BB9511B0FD712000A88C7 /* PBXContainerItemProxy */ = {
			isa = PBXContainerItemProxy;
			containerPortal = CA0BB9331B0FD712000A88C7 /* Project object */;
			proxyType = 1;
			remoteGlobalIDString = CA0BB93A1B0FD712000A88C7;
			remoteInfo = animationDemo;
		};
/* End PBXContainerItemProxy section */

/* Begin PBXFileReference section */
		CA0BB93B1B0FD712000A88C7 /* animationDemo.app */ = {isa = PBXFileReference; explicitFileType = wrapper.application; includeInIndex = 0; path = animationDemo.app; sourceTree = BUILT_PRODUCTS_DIR; };
		CA0BB93F1B0FD712000A88C7 /* Info.plist */ = {isa = PBXFileReference; lastKnownFileType = text.plist.xml; path = Info.plist; sourceTree = "<group>"; };
		CA0BB9401B0FD712000A88C7 /* AppDelegate.swift */ = {isa = PBXFileReference; lastKnownFileType = sourcecode.swift; path = AppDelegate.swift; sourceTree = "<group>"; };
		CA0BB9421B0FD712000A88C7 /* ViewController.swift */ = {isa = PBXFileReference; lastKnownFileType = sourcecode.swift; path = ViewController.swift; sourceTree = "<group>"; };
		CA0BB9451B0FD712000A88C7 /* Base */ = {isa = PBXFileReference; lastKnownFileType = file.storyboard; name = Base; path = Base.lproj/Main.storyboard; sourceTree = "<group>"; };
		CA0BB9471B0FD712000A88C7 /* Images.xcassets */ = {isa = PBXFileReference; lastKnownFileType = folder.assetcatalog; path = Images.xcassets; sourceTree = "<group>"; };
		CA0BB94A1B0FD712000A88C7 /* Base */ = {isa = PBXFileReference; lastKnownFileType = file.xib; name = Base; path = Base.lproj/LaunchScreen.xib; sourceTree = "<group>"; };
		CA0BB9501B0FD712000A88C7 /* animationDemoTests.xctest */ = {isa = PBXFileReference; explicitFileType = wrapper.cfbundle; includeInIndex = 0; path = animationDemoTests.xctest; sourceTree = BUILT_PRODUCTS_DIR; };
		CA0BB9551B0FD712000A88C7 /* Info.plist */ = {isa = PBXFileReference; lastKnownFileType = text.plist.xml; path = Info.plist; sourceTree = "<group>"; };
		CA0BB9561B0FD712000A88C7 /* animationDemoTests.swift */ = {isa = PBXFileReference; lastKnownFileType = sourcecode.swift; path = animationDemoTests.swift; sourceTree = "<group>"; };
		CA0BB9601B100A8A000A88C7 /* testVC.swift */ = {isa = PBXFileReference; fileEncoding = 4; lastKnownFileType = sourcecode.swift; path = testVC.swift; sourceTree = "<group>"; };
/* End PBXFileReference section */

/* Begin PBXFrameworksBuildPhase section */
		CA0BB9381B0FD712000A88C7 /* Frameworks */ = {
			isa = PBXFrameworksBuildPhase;
			buildActionMask = 2147483647;
			files = (
			);
			runOnlyForDeploymentPostprocessing = 0;
		};
		CA0BB94D1B0FD712000A88C7 /* Frameworks */ = {
			isa = PBXFrameworksBuildPhase;
			buildActionMask = 2147483647;
			files = (
			);
			runOnlyForDeploymentPostprocessing = 0;
		};
/* End PBXFrameworksBuildPhase section */

/* Begin PBXGroup section */
		CA0BB9321B0FD712000A88C7 = {
			isa = PBXGroup;
			children = (
				CA0BB93D1B0FD712000A88C7 /* animationDemo */,
				CA0BB9531B0FD712000A88C7 /* animationDemoTests */,
				CA0BB93C1B0FD712000A88C7 /* Products */,
			);
			sourceTree = "<group>";
		};
		CA0BB93C1B0FD712000A88C7 /* Products */ = {
			isa = PBXGroup;
			children = (
				CA0BB93B1B0FD712000A88C7 /* animationDemo.app */,
				CA0BB9501B0FD712000A88C7 /* animationDemoTests.xctest */,
			);
			name = Products;
			sourceTree = "<group>";
		};
		CA0BB93D1B0FD712000A88C7 /* animationDemo */ = {
			isa = PBXGroup;
			children = (
				CA0BB9401B0FD712000A88C7 /* AppDelegate.swift */,
				CA0BB9421B0FD712000A88C7 /* ViewController.swift */,
				CA0BB9601B100A8A000A88C7 /* testVC.swift */,
				CA0BB9441B0FD712000A88C7 /* Main.storyboard */,
				CA0BB9471B0FD712000A88C7 /* Images.xcassets */,
				CA0BB9491B0FD712000A88C7 /* LaunchScreen.xib */,
				CA0BB93E1B0FD712000A88C7 /* Supporting Files */,
			);
			path = animationDemo;
			sourceTree = "<group>";
		};
		CA0BB93E1B0FD712000A88C7 /* Supporting Files */ = {
			isa = PBXGroup;
			children = (
				CA0BB93F1B0FD712000A88C7 /* Info.plist */,
			);
			name = "Supporting Files";
			sourceTree = "<group>";
		};
		CA0BB9531B0FD712000A88C7 /* animationDemoTests */ = {
			isa = PBXGroup;
			children = (
				CA0BB9561B0FD712000A88C7 /* animationDemoTests.swift */,
				CA0BB9541B0FD712000A88C7 /* Supporting Files */,
			);
			path = animationDemoTests;
			sourceTree = "<group>";
		};
		CA0BB9541B0FD712000A88C7 /* Supporting Files */ = {
			isa = PBXGroup;
			children = (
				CA0BB9551B0FD712000A88C7 /* Info.plist */,
			);
			name = "Supporting Files";
			sourceTree = "<group>";
		};
/* End PBXGroup section */

/* Begin PBXNativeTarget section */
		CA0BB93A1B0FD712000A88C7 /* animationDemo */ = {
			isa = PBXNativeTarget;
			buildConfigurationList = CA0BB95A1B0FD712000A88C7 /* Build configuration list for PBXNativeTarget "animationDemo" */;
			buildPhases = (
				CA0BB9371B0FD712000A88C7 /* Sources */,
				CA0BB9381B0FD712000A88C7 /* Frameworks */,
				CA0BB9391B0FD712000A88C7 /* Resources */,
			);
			buildRules = (
			);
			dependencies = (
			);
			name = animationDemo;
			productName = animationDemo;
			productReference = CA0BB93B1B0FD712000A88C7 /* animationDemo.app */;
			productType = "com.apple.product-type.application";
		};
		CA0BB94F1B0FD712000A88C7 /* animationDemoTests */ = {
			isa = PBXNativeTarget;
			buildConfigurationList = CA0BB95D1B0FD712000A88C7 /* Build configuration list for PBXNativeTarget "animationDemoTests" */;
			buildPhases = (
				CA0BB94C1B0FD712000A88C7 /* Sources */,
				CA0BB94D1B0FD712000A88C7 /* Frameworks */,
				CA0BB94E1B0FD712000A88C7 /* Resources */,
			);
			buildRules = (
			);
			dependencies = (
				CA0BB9521B0FD712000A88C7 /* PBXTargetDependency */,
			);
			name = animationDemoTests;
			productName = animationDemoTests;
			productReference = CA0BB9501B0FD712000A88C7 /* animationDemoTests.xctest */;
			productType = "com.apple.product-type.bundle.unit-test";
		};
/* End PBXNativeTarget section */

/* Begin PBXProject section */
		CA0BB9331B0FD712000A88C7 /* Project object */ = {
			isa = PBXProject;
			attributes = {
				LastUpgradeCheck = 0630;
				ORGANIZATIONNAME = "Brandon Newby";
				TargetAttributes = {
					CA0BB93A1B0FD712000A88C7 = {
						CreatedOnToolsVersion = 6.3.1;
					};
					CA0BB94F1B0FD712000A88C7 = {
						CreatedOnToolsVersion = 6.3.1;
						TestTargetID = CA0BB93A1B0FD712000A88C7;
					};
				};
			};
			buildConfigurationList = CA0BB9361B0FD712000A88C7 /* Build configuration list for PBXProject "animationDemo" */;
			compatibilityVersion = "Xcode 3.2";
			developmentRegion = English;
			hasScannedForEncodings = 0;
			knownRegions = (
				en,
				Base,
			);
			mainGroup = CA0BB9321B0FD712000A88C7;
			productRefGroup = CA0BB93C1B0FD712000A88C7 /* Products */;
			projectDirPath = "";
			projectRoot = "";
			targets = (
				CA0BB93A1B0FD712000A88C7 /* animationDemo */,
				CA0BB94F1B0FD712000A88C7 /* animationDemoTests */,
			);
		};
/* End PBXProject section */

/* Begin PBXResourcesBuildPhase section */
		CA0BB9391B0FD712000A88C7 /* Resources */ = {
			isa = PBXResourcesBuildPhase;
			buildActionMask = 2147483647;
			files = (
				CA0BB9461B0FD712000A88C7 /* Main.storyboard in Resources */,
				CA0BB94B1B0FD712000A88C7 /* LaunchScreen.xib in Resources */,
				CA0BB9481B0FD712000A88C7 /* Images.xcassets in Resources */,
			);
			runOnlyForDeploymentPostprocessing = 0;
		};
		CA0BB94E1B0FD712000A88C7 /* Resources */ = {
			isa = PBXResourcesBuildPhase;
			buildActionMask = 2147483647;
			files = (
			);
			runOnlyForDeploymentPostprocessing = 0;
		};
/* End PBXResourcesBuildPhase section */

/* Begin PBXSourcesBuildPhase section */
		CA0BB9371B0FD712000A88C7 /* Sources */ = {
			isa = PBXSourcesBuildPhase;
			buildActionMask = 2147483647;
			files = (
				CA0BB9431B0FD712000A88C7 /* ViewController.swift in Sources */,
				CA0BB9411B0FD712000A88C7 /* AppDelegate.swift in Sources */,
				CA0BB9611B100A8A000A88C7 /* testVC.swift in Sources */,
			);
			runOnlyForDeploymentPostprocessing = 0;
		};
		CA0BB94C1B0FD712000A88C7 /* Sources */ = {
			isa = PBXSourcesBuildPhase;
			buildActionMask = 2147483647;
			files = (
				CA0BB9571B0FD712000A88C7 /* animationDemoTests.swift in Sources */,
			);
			runOnlyForDeploymentPostprocessing = 0;
		};
/* End PBXSourcesBuildPhase section */

/* Begin PBXTargetDependency section */
		CA0BB9521B0FD712000A88C7 /* PBXTargetDependency */ = {
			isa = PBXTargetDependency;
			target = CA0BB93A1B0FD712000A88C7 /* animationDemo */;
			targetProxy = CA0BB9511B0FD712000A88C7 /* PBXContainerItemProxy */;
		};
/* End PBXTargetDependency section */

/* Begin PBXVariantGroup section */
		CA0BB9441B0FD712000A88C7 /* Main.storyboard */ = {
			isa = PBXVariantGroup;
			children = (
				CA0BB9451B0FD712000A88C7 /* Base */,
			);
			name = Main.storyboard;
			sourceTree = "<group>";
		};
		CA0BB9491B0FD712000A88C7 /* LaunchScreen.xib */ = {
			isa = PBXVariantGroup;
			children = (
				CA0BB94A1B0FD712000A88C7 /* Base */,
			);
			name = LaunchScreen.xib;
			sourceTree = "<group>";
		};
/* End PBXVariantGroup section */

/* Begin XCBuildConfiguration section */
		CA0BB9581B0FD712000A88C7 /* Debug */ = {
			isa = XCBuildConfiguration;
			buildSettings = {
				ALWAYS_SEARCH_USER_PATHS = NO;
				CLANG_CXX_LANGUAGE_STANDARD = "gnu++0x";
				CLANG_CXX_LIBRARY = "libc++";
				CLANG_ENABLE_MODULES = YES;
				CLANG_ENABLE_OBJC_ARC = YES;
				CLANG_WARN_BOOL_CONVERSION = YES;
				CLANG_WARN_CONSTANT_CONVERSION = YES;
				CLANG_WARN_DIRECT_OBJC_ISA_USAGE = YES_ERROR;
				CLANG_WARN_EMPTY_BODY = YES;
				CLANG_WARN_ENUM_CONVERSION = YES;
				CLANG_WARN_INT_CONVERSION = YES;
				CLANG_WARN_OBJC_ROOT_CLASS = YES_ERROR;
				CLANG_WARN_UNREACHABLE_CODE = YES;
				CLANG_WARN__DUPLICATE_METHOD_MATCH = YES;
				"CODE_SIGN_IDENTITY[sdk=iphoneos*]" = "iPhone Developer";
				COPY_PHASE_STRIP = NO;
				DEBUG_INFORMATION_FORMAT = "dwarf-with-dsym";
				ENABLE_STRICT_OBJC_MSGSEND = YES;
				GCC_C_LANGUAGE_STANDARD = gnu99;
				GCC_DYNAMIC_NO_PIC = NO;
				GCC_NO_COMMON_BLOCKS = YES;
				GCC_OPTIMIZATION_LEVEL = 0;
				GCC_PREPROCESSOR_DEFINITIONS = (
					"DEBUG=1",
					"$(inherited)",
				);
				GCC_SYMBOLS_PRIVATE_EXTERN = NO;
				GCC_WARN_64_TO_32_BIT_CONVERSION = YES;
				GCC_WARN_ABOUT_RETURN_TYPE = YES_ERROR;
				GCC_WARN_UNDECLARED_SELECTOR = YES;
				GCC_WARN_UNINITIALIZED_AUTOS = YES_AGGRESSIVE;
				GCC_WARN_UNUSED_FUNCTION = YES;
				GCC_WARN_UNUSED_VARIABLE = YES;
				IPHONEOS_DEPLOYMENT_TARGET = 8.3;
				MTL_ENABLE_DEBUG_INFO = YES;
				ONLY_ACTIVE_ARCH = YES;
				SDKROOT = iphoneos;
				SWIFT_OPTIMIZATION_LEVEL = "-Onone";
			};
			name = Debug;
		};
		CA0BB9591B0FD712000A88C7 /* Release */ = {
			isa = XCBuildConfiguration;
			buildSettings = {
				ALWAYS_SEARCH_USER_PATHS = NO;
				CLANG_CXX_LANGUAGE_STANDARD = "gnu++0x";
				CLANG_CXX_LIBRARY = "libc++";
				CLANG_ENABLE_MODULES = YES;
				CLANG_ENABLE_OBJC_ARC = YES;
				CLANG_WARN_BOOL_CONVERSION = YES;
				CLANG_WARN_CONSTANT_CONVERSION = YES;
				CLANG_WARN_DIRECT_OBJC_ISA_USAGE = YES_ERROR;
				CLANG_WARN_EMPTY_BODY = YES;
				CLANG_WARN_ENUM_CONVERSION = YES;
				CLANG_WARN_INT_CONVERSION = YES;
				CLANG_WARN_OBJC_ROOT_CLASS = YES_ERROR;
				CLANG_WARN_UNREACHABLE_CODE = YES;
				CLANG_WARN__DUPLICATE_METHOD_MATCH = YES;
				"CODE_SIGN_IDENTITY[sdk=iphoneos*]" = "iPhone Developer";
				COPY_PHASE_STRIP = NO;
				DEBUG_INFORMATION_FORMAT = "dwarf-with-dsym";
				ENABLE_NS_ASSERTIONS = NO;
				ENABLE_STRICT_OBJC_MSGSEND = YES;
				GCC_C_LANGUAGE_STANDARD = gnu99;
				GCC_NO_COMMON_BLOCKS = YES;
				GCC_WARN_64_TO_32_BIT_CONVERSION = YES;
				GCC_WARN_ABOUT_RETURN_TYPE = YES_ERROR;
				GCC_WARN_UNDECLARED_SELECTOR = YES;
				GCC_WARN_UNINITIALIZED_AUTOS = YES_AGGRESSIVE;
				GCC_WARN_UNUSED_FUNCTION = YES;
				GCC_WARN_UNUSED_VARIABLE = YES;
				IPHONEOS_DEPLOYMENT_TARGET = 8.3;
				MTL_ENABLE_DEBUG_INFO = NO;
				SDKROOT = iphoneos;
				VALIDATE_PRODUCT = YES;
			};
			name = Release;
		};
		CA0BB95B1B0FD712000A88C7 /* Debug */ = {
			isa = XCBuildConfiguration;
			buildSettings = {
				ASSETCATALOG_COMPILER_APPICON_NAME = AppIcon;
				INFOPLIST_FILE = animationDemo/Info.plist;
				LD_RUNPATH_SEARCH_PATHS = "$(inherited) @executable_path/Frameworks";
				PRODUCT_NAME = "$(TARGET_NAME)";
			};
			name = Debug;
		};
		CA0BB95C1B0FD712000A88C7 /* Release */ = {
			isa = XCBuildConfiguration;
			buildSettings = {
				ASSETCATALOG_COMPILER_APPICON_NAME = AppIcon;
				INFOPLIST_FILE = animationDemo/Info.plist;
				LD_RUNPATH_SEARCH_PATHS = "$(inherited) @executable_path/Frameworks";
				PRODUCT_NAME = "$(TARGET_NAME)";
			};
			name = Release;
		};
		CA0BB95E1B0FD712000A88C7 /* Debug */ = {
			isa = XCBuildConfiguration;
			buildSettings = {
				BUNDLE_LOADER = "$(TEST_HOST)";
				FRAMEWORK_SEARCH_PATHS = (
					"$(SDKROOT)/Developer/Library/Frameworks",
					"$(inherited)",
				);
				GCC_PREPROCESSOR_DEFINITIONS = (
					"DEBUG=1",
					"$(inherited)",
				);
				INFOPLIST_FILE = animationDemoTests/Info.plist;
				LD_RUNPATH_SEARCH_PATHS = "$(inherited) @executable_path/Frameworks @loader_path/Frameworks";
				PRODUCT_NAME = "$(TARGET_NAME)";
				TEST_HOST = "$(BUILT_PRODUCTS_DIR)/animationDemo.app/animationDemo";
			};
			name = Debug;
		};
		CA0BB95F1B0FD712000A88C7 /* Release */ = {
			isa = XCBuildConfiguration;
			buildSettings = {
				BUNDLE_LOADER = "$(TEST_HOST)";
				FRAMEWORK_SEARCH_PATHS = (
					"$(SDKROOT)/Developer/Library/Frameworks",
					"$(inherited)",
				);
				INFOPLIST_FILE = animationDemoTests/Info.plist;
				LD_RUNPATH_SEARCH_PATHS = "$(inherited) @executable_path/Frameworks @loader_path/Frameworks";
				PRODUCT_NAME = "$(TARGET_NAME)";
				TEST_HOST = "$(BUILT_PRODUCTS_DIR)/animationDemo.app/animationDemo";
			};
			name = Release;
		};
/* End XCBuildConfiguration section */

/* Begin XCConfigurationList section */
		CA0BB9361B0FD712000A88C7 /* Build configuration list for PBXProject "animationDemo" */ = {
			isa = XCConfigurationList;
			buildConfigurations = (
				CA0BB9581B0FD712000A88C7 /* Debug */,
				CA0BB9591B0FD712000A88C7 /* Release */,
			);
			defaultConfigurationIsVisible = 0;
			defaultConfigurationName = Release;
		};
		CA0BB95A1B0FD712000A88C7 /* Build configuration list for PBXNativeTarget "animationDemo" */ = {
			isa = XCConfigurationList;
			buildConfigurations = (
				CA0BB95B1B0FD712000A88C7 /* Debug */,
				CA0BB95C1B0FD712000A88C7 /* Release */,
			);
			defaultConfigurationIsVisible = 0;
		};
		CA0BB95D1B0FD712000A88C7 /* Build configuration list for PBXNativeTarget "animationDemoTests" */ = {
			isa = XCConfigurationList;
			buildConfigurations = (
				CA0BB95E1B0FD712000A88C7 /* Debug */,
				CA0BB95F1B0FD712000A88C7 /* Release */,
			);
			defaultConfigurationIsVisible = 0;
		};
/* End XCConfigurationList section */
	};
	rootObject = CA0BB9331B0FD712000A88C7 /* Project object */;
}
